<?xml version="1.0" encoding="utf-8"?>
<Project ToolsVersion="4.0" xmlns="http://schemas.microsoft.com/developer/msbuild/2003">
  <ItemGroup>
    <Filter Include="Source Files">
      <UniqueIdentifier>{4FC737F1-C7A5-4376-A066-2A32D752A2FF}</UniqueIdentifier>
      <Extensions>cpp;c;cc;cxx;def;odl;idl;hpj;bat;asm;asmx</Extensions>
    </Filter>
    <Filter Include="Header Files">
      <UniqueIdentifier>{93995380-89BD-4b04-88EB-625FBE52EBFB}</UniqueIdentifier>
      <Extensions>h;hh;hpp;hxx;hm;inl;inc;xsd</Extensions>
    </Filter>
    <Filter Include="Resource Files">
      <UniqueIdentifier>{67DA6AB6-F800-4c08-8B7A-83BB121AAD01}</UniqueIdentifier>
      <Extensions>rc;ico;cur;bmp;dlg;rc2;rct;bin;rgs;gif;jpg;jpeg;jpe;resx;tiff;tif;png;wav</Extensions>
    </Filter>
  </ItemGroup>
  <ItemGroup>
    <ClCompile Include="GameV3\Attributes.cpp">
      <Filter>Source Files</Filter>
    </ClCompile>
    <ClCompile Include="GameV3\Character.cpp">
      <Filter>Source Files</Filter>
    </ClCompile>
    <ClCompile Include="GameV3\CharCreation.cpp">
      <Filter>Source Files</Filter>
    </ClCompile>
    <ClCompile Include="GameV3\Combat.cpp">
      <Filter>Source Files</Filter>
    </ClCompile>
    <ClCompile Include="GameV3\Dice.cpp">
      <Filter>Source Files</Filter>
    </ClCompile>
    <ClCompile Include="GameV3\Engine.cpp">
      <Filter>Source Files</Filter>
    </ClCompile>
    <ClCompile Include="GameV3\Entity.cpp">
      <Filter>Source Files</Filter>
    </ClCompile>
    <ClCompile Include="GameV3\Inventory.cpp">
      <Filter>Source Files</Filter>
    </ClCompile>
    <ClCompile Include="GameV3\Item.cpp">
      <Filter>Source Files</Filter>
    </ClCompile>
    <ClCompile Include="GameV3\LevelEngine.cpp">
      <Filter>Source Files</Filter>
    </ClCompile>
    <ClCompile Include="GameV3\main.cpp">
      <Filter>Source Files</Filter>
    </ClCompile>
    <ClCompile Include="GameV3\Player.cpp">
      <Filter>Source Files</Filter>
    </ClCompile>
    <ClCompile Include="GameV3\RandomDungeon.cpp">
      <Filter>Source Files</Filter>
    </ClCompile>
    <ClCompile Include="GameV3\RoomData.cpp">
      <Filter>Source Files</Filter>
    </ClCompile>
    <ClCompile Include="GameV3\TextureManager.cpp">
      <Filter>Source Files</Filter>
    </ClCompile>
    <ClCompile Include="GameV3\Weapon.cpp">
      <Filter>Source Files</Filter>
    </ClCompile>
    <ClCompile Include="GameV3\Class.cpp">
      <Filter>Source Files</Filter>
    </ClCompile>
    <ClCompile Include="GameV3\DungeonMaster.cpp">
      <Filter>Source Files</Filter>
    </ClCompile>
    <ClCompile Include="GameV3\Enemy.cpp">
      <Filter>Source Files</Filter>
    </ClCompile>
    <ClCompile Include="GameV3\Event.cpp">
      <Filter>Source Files</Filter>
    </ClCompile>
    <ClCompile Include="GameV3\Armor.cpp">
      <Filter>Source Files</Filter>
    </ClCompile>
    <ClCompile Include="GameV3\ItemManager.cpp">
      <Filter>Source Files</Filter>
    </ClCompile>
    <ClCompile Include="Armor.cpp">
      <Filter>Source Files</Filter>
    </ClCompile>
    <ClCompile Include="Attributes.cpp">
      <Filter>Source Files</Filter>
    </ClCompile>
    <ClCompile Include="Character.cpp">
      <Filter>Source Files</Filter>
    </ClCompile>
    <ClCompile Include="CharCreation.cpp">
      <Filter>Source Files</Filter>
    </ClCompile>
    <ClCompile Include="Class.cpp">
      <Filter>Source Files</Filter>
    </ClCompile>
    <ClCompile Include="Combat.cpp">
      <Filter>Source Files</Filter>
    </ClCompile>
    <ClCompile Include="Dice.cpp">
      <Filter>Source Files</Filter>
    </ClCompile>
    <ClCompile Include="DungeonMaster.cpp">
      <Filter>Source Files</Filter>
    </ClCompile>
    <ClCompile Include="Enemy.cpp">
      <Filter>Source Files</Filter>
    </ClCompile>
    <ClCompile Include="Engine.cpp">
      <Filter>Source Files</Filter>
    </ClCompile>
    <ClCompile Include="Entity.cpp">
      <Filter>Source Files</Filter>
    </ClCompile>
    <ClCompile Include="Event.cpp">
      <Filter>Source Files</Filter>
    </ClCompile>
    <ClCompile Include="Inventory.cpp">
      <Filter>Source Files</Filter>
    </ClCompile>
    <ClCompile Include="Item.cpp">
      <Filter>Source Files</Filter>
    </ClCompile>
    <ClCompile Include="ItemManager.cpp">
      <Filter>Source Files</Filter>
    </ClCompile>
    <ClCompile Include="LevelEngine.cpp">
      <Filter>Source Files</Filter>
    </ClCompile>
    <ClCompile Include="main.cpp">
      <Filter>Source Files</Filter>
    </ClCompile>
    <ClCompile Include="Player.cpp">
      <Filter>Source Files</Filter>
    </ClCompile>
    <ClCompile Include="RandomDungeon.cpp">
      <Filter>Source Files</Filter>
    </ClCompile>
    <ClCompile Include="RoomData.cpp">
      <Filter>Source Files</Filter>
    </ClCompile>
    <ClCompile Include="TextureManager.cpp">
      <Filter>Source Files</Filter>
    </ClCompile>
    <ClCompile Include="Weapon.cpp">
      <Filter>Source Files</Filter>
    </ClCompile>
  </ItemGroup>
  <ItemGroup>
    <ClInclude Include="GameV3\Attributes.h">
      <Filter>Header Files</Filter>
    </ClInclude>
    <ClInclude Include="GameV3\Character.h">
      <Filter>Header Files</Filter>
    </ClInclude>
    <ClInclude Include="GameV3\CharCreation.h">
      <Filter>Header Files</Filter>
    </ClInclude>
    <ClInclude Include="GameV3\Combat.h">
      <Filter>Header Files</Filter>
    </ClInclude>
    <ClInclude Include="GameV3\Dice.h">
      <Filter>Header Files</Filter>
    </ClInclude>
    <ClInclude Include="GameV3\Engine.hpp">
      <Filter>Header Files</Filter>
    </ClInclude>
    <ClInclude Include="GameV3\Entity.hpp">
      <Filter>Header Files</Filter>
    </ClInclude>
    <ClInclude Include="GameV3\Inventory.h">
      <Filter>Header Files</Filter>
    </ClInclude>
    <ClInclude Include="GameV3\Item.h">
      <Filter>Header Files</Filter>
    </ClInclude>
    <ClInclude Include="GameV3\Player.hpp">
      <Filter>Header Files</Filter>
    </ClInclude>
    <ClInclude Include="GameV3\RandomDungeon.hpp">
      <Filter>Header Files</Filter>
    </ClInclude>
    <ClInclude Include="GameV3\RoomData.hpp">
      <Filter>Header Files</Filter>
    </ClInclude>
    <ClInclude Include="GameV3\TextureManager.hpp">
      <Filter>Header Files</Filter>
    </ClInclude>
    <ClInclude Include="GameV3\TileObjects.hpp">
      <Filter>Header Files</Filter>
    </ClInclude>
    <ClInclude Include="GameV3\Weapon.h">
      <Filter>Header Files</Filter>
    </ClInclude>
    <ClInclude Include="GameV3\Class.hpp">
      <Filter>Header Files</Filter>
    </ClInclude>
    <ClInclude Include="GameV3\Enemy.hpp">
      <Filter>Header Files</Filter>
    </ClInclude>
    <ClInclude Include="GameV3\Event.hpp">
      <Filter>Header Files</Filter>
    </ClInclude>
    <ClInclude Include="GameV3\UseObject.hpp">
      <Filter>Header Files</Filter>
    </ClInclude>
    <ClInclude Include="GameV3\Attack.hpp">
      <Filter>Header Files</Filter>
    </ClInclude>
    <ClInclude Include="GameV3\Armor.h">
      <Filter>Header Files</Filter>
    </ClInclude>
    <ClInclude Include="GameV3\ItemManager.h">
      <Filter>Header Files</Filter>
    </ClInclude>
  </ItemGroup>
</Project>